{
    "name": "webamp",
    "lockfileVersion": 3,
    "requires": true,
    "packages": {
        "": {
            "dependencies": {
                "@ckeditor/ckeditor5-build-classic": "^36.0.1"
            },
            "devDependencies": {
                "axios": "^1.1.2",
                "laravel-vite-plugin": "^0.7.2",
                "lodash": "^4.17.19",
                "postcss": "^8.1.14",
                "vite": "^4.0.0"
            }
        },
        "node_modules/@ckeditor/ckeditor5-adapter-ckfinder": {
            "version": "36.0.1",
            "resolved": "https://registry.npmjs.org/@ckeditor/ckeditor5-adapter-ckfinder/-/ckeditor5-adapter-ckfinder-36.0.1.tgz",
            "integrity": "sha512-kZUvaG0fpGavArn5Yl2eKkCfCelemRfPRVyPerliJUh/6xhDhwT2ds/stI4VyhE2tHRD9ohOywxAEcH2XJUthg==",
            "dependencies": {
                "ckeditor5": "^36.0.1"
            },
            "engines": {
                "node": ">=14.0.0",
                "npm": ">=5.7.1"
            }
        },
        "node_modules/@ckeditor/ckeditor5-autoformat": {
            "version": "36.0.1",
            "resolved": "https://registry.npmjs.org/@ckeditor/ckeditor5-autoformat/-/ckeditor5-autoformat-36.0.1.tgz",
            "integrity": "sha512-kve+Ergl40L6DzbtvyTMhbwfMZgpl0SJgsAzukQ72OyvJykQywworJ3zt/PgLCJKD+EKN80X9nR8kfBzXRG/vw==",
            "dependencies": {
                "ckeditor5": "^36.0.1"
            },
            "engines": {
                "node": ">=14.0.0",
                "npm": ">=5.7.1"
            }
        },
        "node_modules/@ckeditor/ckeditor5-basic-styles": {
            "version": "36.0.1",
            "resolved": "https://registry.npmjs.org/@ckeditor/ckeditor5-basic-styles/-/ckeditor5-basic-styles-36.0.1.tgz",
            "integrity": "sha512-5qbgzsgmJP7lecf78sy6QpqbsF2BLs7WxziMrJUXQytgq4S7o+Q/uqGF/itpkQMBBnLulRFJ8/x055iOBugreQ==",
            "dependencies": {
                "ckeditor5": "^36.0.1"
            },
            "engines": {
                "node": ">=14.0.0",
                "npm": ">=5.7.1"
            }
        },
        "node_modules/@ckeditor/ckeditor5-block-quote": {
            "version": "36.0.1",
            "resolved": "https://registry.npmjs.org/@ckeditor/ckeditor5-block-quote/-/ckeditor5-block-quote-36.0.1.tgz",
            "integrity": "sha512-kLvkHGiu5lAnPiUnRUc0M0Nlls179PmcOvX+YIIp62YBYTxG/R6oCC5clnnhodNiDQBEgwbxqoqTKNSkOX0VWw==",
            "dependencies": {
                "ckeditor5": "^36.0.1"
            },
            "engines": {
                "node": ">=14.0.0",
                "npm": ">=5.7.1"
            }
        },
        "node_modules/@ckeditor/ckeditor5-build-classic": {
            "version": "36.0.1",
            "resolved": "https://registry.npmjs.org/@ckeditor/ckeditor5-build-classic/-/ckeditor5-build-classic-36.0.1.tgz",
            "integrity": "sha512-noBqFM9rzf9WAn5JLqbmKbjarrrLzu0cNDX8LUaYPa/n/AYThL2ul4vy6zmHS7OS+PJLQaH+S/bTFLRflcVl3A==",
            "dependencies": {
                "@ckeditor/ckeditor5-adapter-ckfinder": "^36.0.1",
                "@ckeditor/ckeditor5-autoformat": "^36.0.1",
                "@ckeditor/ckeditor5-basic-styles": "^36.0.1",
                "@ckeditor/ckeditor5-block-quote": "^36.0.1",
                "@ckeditor/ckeditor5-ckbox": "^36.0.1",
                "@ckeditor/ckeditor5-ckfinder": "^36.0.1",
                "@ckeditor/ckeditor5-cloud-services": "^36.0.1",
                "@ckeditor/ckeditor5-easy-image": "^36.0.1",
                "@ckeditor/ckeditor5-editor-classic": "^36.0.1",
                "@ckeditor/ckeditor5-essentials": "^36.0.1",
                "@ckeditor/ckeditor5-heading": "^36.0.1",
                "@ckeditor/ckeditor5-image": "^36.0.1",
                "@ckeditor/ckeditor5-indent": "^36.0.1",
                "@ckeditor/ckeditor5-link": "^36.0.1",
                "@ckeditor/ckeditor5-list": "^36.0.1",
                "@ckeditor/ckeditor5-media-embed": "^36.0.1",
                "@ckeditor/ckeditor5-paragraph": "^36.0.1",
                "@ckeditor/ckeditor5-paste-from-office": "^36.0.1",
                "@ckeditor/ckeditor5-table": "^36.0.1",
                "@ckeditor/ckeditor5-typing": "^36.0.1"
            },
            "engines": {
                "node": ">=14.0.0",
                "npm": ">=5.7.1"
            }
        },
        "node_modules/@ckeditor/ckeditor5-ckbox": {
            "version": "36.0.1",
            "resolved": "https://registry.npmjs.org/@ckeditor/ckeditor5-ckbox/-/ckeditor5-ckbox-36.0.1.tgz",
            "integrity": "sha512-QzrsGCj84Yd3wDIvFk/e/BJvjeQHhBDxJ/XUfkDw2rhFvJZ9V5Xx08JR+Hsamvc/wd/ES/SlJyDPRjzdfuq/gw==",
            "dependencies": {
                "ckeditor5": "^36.0.1"
            },
            "engines": {
                "node": ">=14.0.0",
                "npm": ">=5.7.1"
            }
        },
        "node_modules/@ckeditor/ckeditor5-ckfinder": {
            "version": "36.0.1",
            "resolved": "https://registry.npmjs.org/@ckeditor/ckeditor5-ckfinder/-/ckeditor5-ckfinder-36.0.1.tgz",
            "integrity": "sha512-2qdUHEDmBdyFMeiNSWgE/f1p3Tt9b1uuOsvAt+pXJHET9zT8TlpipbhzN3e9+Vqbiy7tv1ofK/gGGHLGoI25tg==",
            "dependencies": {
                "ckeditor5": "^36.0.1"
            },
            "engines": {
                "node": ">=14.0.0",
                "npm": ">=5.7.1"
            }
        },
        "node_modules/@ckeditor/ckeditor5-clipboard": {
            "version": "36.0.1",
            "resolved": "https://registry.npmjs.org/@ckeditor/ckeditor5-clipboard/-/ckeditor5-clipboard-36.0.1.tgz",
            "integrity": "sha512-CFh5oO29dUXwsUf/BPM8g5l8MV3hiG27/h6fpC1qRUTAVXDAj43j+cfYYs8MwNi3hv0c/1KyT1bLySqQ/LZctw==",
            "dependencies": {
                "@ckeditor/ckeditor5-core": "^36.0.1",
                "@ckeditor/ckeditor5-engine": "^36.0.1",
                "@ckeditor/ckeditor5-utils": "^36.0.1",
                "@ckeditor/ckeditor5-widget": "^36.0.1",
                "lodash-es": "^4.17.11"
            },
            "engines": {
                "node": ">=14.0.0",
                "npm": ">=5.7.1"
            }
        },
        "node_modules/@ckeditor/ckeditor5-cloud-services": {
            "version": "36.0.1",
            "resolved": "https://registry.npmjs.org/@ckeditor/ckeditor5-cloud-services/-/ckeditor5-cloud-services-36.0.1.tgz",
            "integrity": "sha512-o+Xp3mAWISx+LCHeV8wYN1v7ZA0XUtIOXPb6N+6lJcS9fDSdc/B4+0KnpHoDZQThgvs9UoNb6ty2f3H5Den/Bg==",
            "dependencies": {
                "ckeditor5": "^36.0.1"
            },
            "engines": {
                "node": ">=14.0.0",
                "npm": ">=5.7.1"
            }
        },
        "node_modules/@ckeditor/ckeditor5-core": {
            "version": "36.0.1",
            "resolved": "https://registry.npmjs.org/@ckeditor/ckeditor5-core/-/ckeditor5-core-36.0.1.tgz",
            "integrity": "sha512-50O+DYXtaf4dMOn+3mGUvfYiE2qsCgVn114WQj7Tj3pZl5w+pAIv/2P+9cBB2Kb7QxgPZqZ7bvsi9wHqIJ6KCw==",
            "dependencies": {
                "@ckeditor/ckeditor5-engine": "^36.0.1",
                "@ckeditor/ckeditor5-utils": "^36.0.1",
                "lodash-es": "^4.17.15"
            },
            "engines": {
                "node": ">=14.0.0",
                "npm": ">=5.7.1"
            }
        },
        "node_modules/@ckeditor/ckeditor5-easy-image": {
            "version": "36.0.1",
            "resolved": "https://registry.npmjs.org/@ckeditor/ckeditor5-easy-image/-/ckeditor5-easy-image-36.0.1.tgz",
            "integrity": "sha512-t74s840xNPaWibgI1YcC/lHcigCY4zUyXzpXhepWe9qw4zfg58H2wK6a0AwBN+yy8mXcotDUmjXkOXgnNkJp0Q==",
            "dependencies": {
                "ckeditor5": "^36.0.1"
            },
            "engines": {
                "node": ">=14.0.0",
                "npm": ">=5.7.1"
            }
        },
        "node_modules/@ckeditor/ckeditor5-editor-classic": {
            "version": "36.0.1",
            "resolved": "https://registry.npmjs.org/@ckeditor/ckeditor5-editor-classic/-/ckeditor5-editor-classic-36.0.1.tgz",
            "integrity": "sha512-/euO79HzgIxILgxbqpGaMxO3f2BSGazljAGTc+aGJQ4bs9YnkxpeCc2wxYXuUzMNev2vVqhaPTvRJzg2Bb2r9w==",
            "dependencies": {
                "ckeditor5": "^36.0.1",
                "lodash-es": "^4.17.15"
            },
            "engines": {
                "node": ">=14.0.0",
                "npm": ">=5.7.1"
            }
        },
        "node_modules/@ckeditor/ckeditor5-engine": {
            "version": "36.0.1",
            "resolved": "https://registry.npmjs.org/@ckeditor/ckeditor5-engine/-/ckeditor5-engine-36.0.1.tgz",
            "integrity": "sha512-Ze2omTguUggwiL9vvLvPk+QpjEBbIOPS1Hi/ROYlsW8QSdnPbSTv+6rCIYThqJMFeonxLZWV5XwbcqpgSAs0MA==",
            "dependencies": {
                "@ckeditor/ckeditor5-utils": "^36.0.1",
                "lodash-es": "^4.17.15"
            },
            "engines": {
                "node": ">=14.0.0",
                "npm": ">=5.7.1"
            }
        },
        "node_modules/@ckeditor/ckeditor5-enter": {
            "version": "36.0.1",
            "resolved": "https://registry.npmjs.org/@ckeditor/ckeditor5-enter/-/ckeditor5-enter-36.0.1.tgz",
            "integrity": "sha512-FHZ43bltDGFyihfBOTwBOgsS2mMU2ATR9xxFEKlDP+8+P1bq4e0YkC3t4PuwtHIZMvNHiFxqvmFtA2eznGS7sQ==",
            "dependencies": {
                "@ckeditor/ckeditor5-core": "^36.0.1",
                "@ckeditor/ckeditor5-engine": "^36.0.1"
            },
            "engines": {
                "node": ">=14.0.0",
                "npm": ">=5.7.1"
            }
        },
        "node_modules/@ckeditor/ckeditor5-essentials": {
            "version": "36.0.1",
            "resolved": "https://registry.npmjs.org/@ckeditor/ckeditor5-essentials/-/ckeditor5-essentials-36.0.1.tgz",
            "integrity": "sha512-f6yEeSA75/hAqK+hZ09LnUj+2PSXFSTHFBzC32WKr+e2qlTx3/mArvwnnQcTj7lo7SuUmctpg7X5DD3/Rcg+HA==",
            "dependencies": {
                "ckeditor5": "^36.0.1"
            },
            "engines": {
                "node": ">=14.0.0",
                "npm": ">=5.7.1"
            }
        },
        "node_modules/@ckeditor/ckeditor5-heading": {
            "version": "36.0.1",
            "resolved": "https://registry.npmjs.org/@ckeditor/ckeditor5-heading/-/ckeditor5-heading-36.0.1.tgz",
            "integrity": "sha512-elVL6y8kFFB4wCjmVTYsbx5vFoNCsPn9fAJ4/T2tElb9wszs4BsbMjScUNwVomOxuSPy3x6Qt4HG1NFVoh1FKg==",
            "dependencies": {
                "ckeditor5": "^36.0.1"
            },
            "engines": {
                "node": ">=14.0.0",
                "npm": ">=5.7.1"
            }
        },
        "node_modules/@ckeditor/ckeditor5-image": {
            "version": "36.0.1",
            "resolved": "https://registry.npmjs.org/@ckeditor/ckeditor5-image/-/ckeditor5-image-36.0.1.tgz",
            "integrity": "sha512-HElSvvBXL4kmwtwrAw28oIuJN1gXMr0kOYnR+sLkJGlfeymOQ4RKEqW3vOPMmN6s2RMJVoNkpytPbhzalFn3Sg==",
            "dependencies": {
                "@ckeditor/ckeditor5-ui": "^36.0.1",
                "ckeditor5": "^36.0.1",
                "lodash-es": "^4.17.15"
            },
            "engines": {
                "node": ">=14.0.0",
                "npm": ">=5.7.1"
            }
        },
        "node_modules/@ckeditor/ckeditor5-indent": {
            "version": "36.0.1",
            "resolved": "https://registry.npmjs.org/@ckeditor/ckeditor5-indent/-/ckeditor5-indent-36.0.1.tgz",
            "integrity": "sha512-3E+3UCP9Krr41yP8g5a/QmJEJCChOFWdrLShi0YYODkJlhI/UUJFWVDTx54x1GnnDhXt8HhpOVGHCo14+KuRfA==",
            "dependencies": {
                "ckeditor5": "^36.0.1"
            },
            "engines": {
                "node": ">=14.0.0",
                "npm": ">=5.7.1"
            }
        },
        "node_modules/@ckeditor/ckeditor5-link": {
            "version": "36.0.1",
            "resolved": "https://registry.npmjs.org/@ckeditor/ckeditor5-link/-/ckeditor5-link-36.0.1.tgz",
            "integrity": "sha512-u0E22wCzgAWMlg5BemYAUHws6zausSek+tmI6VmTRibogsUsfso3JnWI0RXNiEd4i2w1wRspvb9S/D8iy7n4fA==",
            "dependencies": {
                "@ckeditor/ckeditor5-ui": "^36.0.1",
                "ckeditor5": "^36.0.1",
                "lodash-es": "^4.17.15"
            },
            "engines": {
                "node": ">=14.0.0",
                "npm": ">=5.7.1"
            }
        },
        "node_modules/@ckeditor/ckeditor5-list": {
            "version": "36.0.1",
            "resolved": "https://registry.npmjs.org/@ckeditor/ckeditor5-list/-/ckeditor5-list-36.0.1.tgz",
            "integrity": "sha512-v4h5iXCqbOpjaiQRZNp1SExU7BzKfcDU9VUGZpUzFLC0S1JKVO1DAJKMxhqgUCvgGrTOrYHZoGaqNWQZXXwZQg==",
            "dependencies": {
                "@ckeditor/ckeditor5-ui": "^36.0.1",
                "ckeditor5": "^36.0.1"
            },
            "engines": {
                "node": ">=14.0.0",
                "npm": ">=5.7.1"
            }
        },
        "node_modules/@ckeditor/ckeditor5-media-embed": {
            "version": "36.0.1",
            "resolved": "https://registry.npmjs.org/@ckeditor/ckeditor5-media-embed/-/ckeditor5-media-embed-36.0.1.tgz",
            "integrity": "sha512-TBl9bh+wBndkHfjjULqTYdYjbwtpO0ug4QTE5PQuAXrfvNeTAGvpYRqnJtLlASzqvUcgc3uBCXI9sO90ZUnFWw==",
            "dependencies": {
                "@ckeditor/ckeditor5-ui": "^36.0.1",
                "ckeditor5": "^36.0.1"
            },
            "engines": {
                "node": ">=14.0.0",
                "npm": ">=5.7.1"
            }
        },
        "node_modules/@ckeditor/ckeditor5-paragraph": {
            "version": "36.0.1",
            "resolved": "https://registry.npmjs.org/@ckeditor/ckeditor5-paragraph/-/ckeditor5-paragraph-36.0.1.tgz",
            "integrity": "sha512-NF1PH9WVfY81vkohj6GV1W/u1ogbZnfy60wrDy8Qp3iaFK1LJBsKNz3q1tf0WkBghaX/MUjR9E06l/OrTtaTZw==",
            "dependencies": {
                "@ckeditor/ckeditor5-core": "^36.0.1",
                "@ckeditor/ckeditor5-ui": "^36.0.1",
                "@ckeditor/ckeditor5-utils": "^36.0.1"
            },
            "engines": {
                "node": ">=14.0.0",
                "npm": ">=5.7.1"
            }
        },
        "node_modules/@ckeditor/ckeditor5-paste-from-office": {
            "version": "36.0.1",
            "resolved": "https://registry.npmjs.org/@ckeditor/ckeditor5-paste-from-office/-/ckeditor5-paste-from-office-36.0.1.tgz",
            "integrity": "sha512-JG3Ex/0mQ94E6coU16/CpnjikadCLebRLKXKYQyK/Wag7MbkKh8jgzpnZTC4Br4HvpQORfx7eC475BWF927FeQ==",
            "dependencies": {
                "ckeditor5": "^36.0.1"
            },
            "engines": {
                "node": ">=14.0.0",
                "npm": ">=5.7.1"
            }
        },
        "node_modules/@ckeditor/ckeditor5-select-all": {
            "version": "36.0.1",
            "resolved": "https://registry.npmjs.org/@ckeditor/ckeditor5-select-all/-/ckeditor5-select-all-36.0.1.tgz",
            "integrity": "sha512-8rPxcenTAoqXy1gleZvfsc7VD0IltPFq8R+blD4JL+sSMMDUtKhPuok4TA9h6Yh0nP6LfRK2fBUKIWH3xRPABg==",
            "dependencies": {
                "@ckeditor/ckeditor5-core": "^36.0.1",
                "@ckeditor/ckeditor5-ui": "^36.0.1",
                "@ckeditor/ckeditor5-utils": "^36.0.1"
            },
            "engines": {
                "node": ">=14.0.0",
                "npm": ">=5.7.1"
            }
        },
        "node_modules/@ckeditor/ckeditor5-table": {
            "version": "36.0.1",
            "resolved": "https://registry.npmjs.org/@ckeditor/ckeditor5-table/-/ckeditor5-table-36.0.1.tgz",
            "integrity": "sha512-ishbq3Rp8n7aypswmbqAVWT5W0iYZfAfm6wS+dpSoFqzAPX6ko8+bnoTkq+Wbs1S4+JDaua7QOJw9A1L1cv17A==",
            "dependencies": {
                "ckeditor5": "^36.0.1",
                "lodash-es": "^4.17.15"
            },
            "engines": {
                "node": ">=14.0.0",
                "npm": ">=5.7.1"
            }
        },
        "node_modules/@ckeditor/ckeditor5-typing": {
            "version": "36.0.1",
            "resolved": "https://registry.npmjs.org/@ckeditor/ckeditor5-typing/-/ckeditor5-typing-36.0.1.tgz",
            "integrity": "sha512-NwXQxNxf/LLANiiteEVaLr1ZzvJd7y6+O5a6x0Tv9Uuheu80aw2Axm3icneODt05G/XT+iJmCHzUYdEiCsHUaw==",
            "dependencies": {
                "@ckeditor/ckeditor5-core": "^36.0.1",
                "@ckeditor/ckeditor5-engine": "^36.0.1",
                "@ckeditor/ckeditor5-utils": "^36.0.1",
                "lodash-es": "^4.17.15"
            },
            "engines": {
                "node": ">=14.0.0",
                "npm": ">=5.7.1"
            }
        },
        "node_modules/@ckeditor/ckeditor5-ui": {
            "version": "36.0.1",
            "resolved": "https://registry.npmjs.org/@ckeditor/ckeditor5-ui/-/ckeditor5-ui-36.0.1.tgz",
            "integrity": "sha512-wPqAdXUZnEAD3XPvS5vEGU2kxzTQah3wne3B1esdlbJ7dSLZDdx8r1dyKyp3/WCpCT8G+PqGvSUrlnqcy7WI5A==",
            "dependencies": {
                "@ckeditor/ckeditor5-core": "^36.0.1",
                "@ckeditor/ckeditor5-utils": "^36.0.1",
                "lodash-es": "^4.17.15"
            },
            "engines": {
                "node": ">=14.0.0",
                "npm": ">=5.7.1"
            }
        },
        "node_modules/@ckeditor/ckeditor5-undo": {
            "version": "36.0.1",
            "resolved": "https://registry.npmjs.org/@ckeditor/ckeditor5-undo/-/ckeditor5-undo-36.0.1.tgz",
            "integrity": "sha512-TBm6TAnur59f5hqlgUZ89NV3cPQw0xqqpSuVMFrvFruPmPiIay2E34Mapb5KRXr83AEPhNN8GAE2YM7HmMqKrQ==",
            "dependencies": {
                "@ckeditor/ckeditor5-core": "^36.0.1",
                "@ckeditor/ckeditor5-engine": "^36.0.1",
                "@ckeditor/ckeditor5-ui": "^36.0.1"
            },
            "engines": {
                "node": ">=14.0.0",
                "npm": ">=5.7.1"
            }
        },
        "node_modules/@ckeditor/ckeditor5-upload": {
            "version": "36.0.1",
            "resolved": "https://registry.npmjs.org/@ckeditor/ckeditor5-upload/-/ckeditor5-upload-36.0.1.tgz",
            "integrity": "sha512-932vnvO++SzfZ6EpNkOj6PPKN6vVgn5aW3gu0c1D51cF9KkCFiaMhBDsOzDRVvq/bbnDqUQ9v3j1cNo2UlC8oA==",
            "dependencies": {
                "@ckeditor/ckeditor5-core": "^36.0.1",
                "@ckeditor/ckeditor5-ui": "^36.0.1",
                "@ckeditor/ckeditor5-utils": "^36.0.1"
            },
            "engines": {
                "node": ">=14.0.0",
                "npm": ">=5.7.1"
            }
        },
        "node_modules/@ckeditor/ckeditor5-utils": {
            "version": "36.0.1",
            "resolved": "https://registry.npmjs.org/@ckeditor/ckeditor5-utils/-/ckeditor5-utils-36.0.1.tgz",
            "integrity": "sha512-TW/YRb0OQe88IyqRoq2xS02iXOG82NQybzMuFDnGyCaFV0hA/9ysOyWwFpxDLcPDhDgVJZIxuwvFaek9x+uCMA==",
            "dependencies": {
                "lodash-es": "^4.17.15"
            },
            "engines": {
                "node": ">=14.0.0",
                "npm": ">=5.7.1"
            }
        },
        "node_modules/@ckeditor/ckeditor5-widget": {
            "version": "36.0.1",
            "resolved": "https://registry.npmjs.org/@ckeditor/ckeditor5-widget/-/ckeditor5-widget-36.0.1.tgz",
            "integrity": "sha512-on92cCRYLWTfwrpnFi5z4FY7NDhY+X+p6yuYStnB9d9jM3FJi3/7y2q9ojr8fSMot4pQsXCiFXzaF6yez+77wA==",
            "dependencies": {
                "@ckeditor/ckeditor5-core": "^36.0.1",
                "@ckeditor/ckeditor5-engine": "^36.0.1",
                "@ckeditor/ckeditor5-enter": "^36.0.1",
                "@ckeditor/ckeditor5-typing": "^36.0.1",
                "@ckeditor/ckeditor5-ui": "^36.0.1",
                "@ckeditor/ckeditor5-utils": "^36.0.1",
                "lodash-es": "^4.17.15"
            },
            "engines": {
                "node": ">=14.0.0",
                "npm": ">=5.7.1"
            }
        },
        "node_modules/@esbuild/android-arm": {
            "version": "0.16.17",
            "resolved": "https://registry.npmjs.org/@esbuild/android-arm/-/android-arm-0.16.17.tgz",
            "integrity": "sha512-N9x1CMXVhtWEAMS7pNNONyA14f71VPQN9Cnavj1XQh6T7bskqiLLrSca4O0Vr8Wdcga943eThxnVp3JLnBMYtw==",
            "cpu": [
                "arm"
            ],
            "dev": true,
            "optional": true,
            "os": [
                "android"
            ],
            "engines": {
                "node": ">=12"
            }
        },
        "node_modules/@esbuild/android-arm64": {
            "version": "0.16.17",
            "resolved": "https://registry.npmjs.org/@esbuild/android-arm64/-/android-arm64-0.16.17.tgz",
            "integrity": "sha512-MIGl6p5sc3RDTLLkYL1MyL8BMRN4tLMRCn+yRJJmEDvYZ2M7tmAf80hx1kbNEUX2KJ50RRtxZ4JHLvCfuB6kBg==",
            "cpu": [
                "arm64"
            ],
            "dev": true,
            "optional": true,
            "os": [
                "android"
            ],
            "engines": {
                "node": ">=12"
            }
        },
        "node_modules/@esbuild/android-x64": {
            "version": "0.16.17",
            "resolved": "https://registry.npmjs.org/@esbuild/android-x64/-/android-x64-0.16.17.tgz",
            "integrity": "sha512-a3kTv3m0Ghh4z1DaFEuEDfz3OLONKuFvI4Xqczqx4BqLyuFaFkuaG4j2MtA6fuWEFeC5x9IvqnX7drmRq/fyAQ==",
            "cpu": [
                "x64"
            ],
            "dev": true,
            "optional": true,
            "os": [
                "android"
            ],
            "engines": {
                "node": ">=12"
            }
        },
        "node_modules/@esbuild/darwin-arm64": {
            "version": "0.16.17",
            "resolved": "https://registry.npmjs.org/@esbuild/darwin-arm64/-/darwin-arm64-0.16.17.tgz",
            "integrity": "sha512-/2agbUEfmxWHi9ARTX6OQ/KgXnOWfsNlTeLcoV7HSuSTv63E4DqtAc+2XqGw1KHxKMHGZgbVCZge7HXWX9Vn+w==",
            "cpu": [
                "arm64"
            ],
            "dev": true,
            "optional": true,
            "os": [
                "darwin"
            ],
            "engines": {
                "node": ">=12"
            }
        },
        "node_modules/@esbuild/darwin-x64": {
            "version": "0.16.17",
            "resolved": "https://registry.npmjs.org/@esbuild/darwin-x64/-/darwin-x64-0.16.17.tgz",
            "integrity": "sha512-2By45OBHulkd9Svy5IOCZt376Aa2oOkiE9QWUK9fe6Tb+WDr8hXL3dpqi+DeLiMed8tVXspzsTAvd0jUl96wmg==",
            "cpu": [
                "x64"
            ],
            "dev": true,
            "optional": true,
            "os": [
                "darwin"
            ],
            "engines": {
                "node": ">=12"
            }
        },
        "node_modules/@esbuild/freebsd-arm64": {
            "version": "0.16.17",
            "resolved": "https://registry.npmjs.org/@esbuild/freebsd-arm64/-/freebsd-arm64-0.16.17.tgz",
            "integrity": "sha512-mt+cxZe1tVx489VTb4mBAOo2aKSnJ33L9fr25JXpqQqzbUIw/yzIzi+NHwAXK2qYV1lEFp4OoVeThGjUbmWmdw==",
            "cpu": [
                "arm64"
            ],
            "dev": true,
            "optional": true,
            "os": [
                "freebsd"
            ],
            "engines": {
                "node": ">=12"
            }
        },
        "node_modules/@esbuild/freebsd-x64": {
            "version": "0.16.17",
            "resolved": "https://registry.npmjs.org/@esbuild/freebsd-x64/-/freebsd-x64-0.16.17.tgz",
            "integrity": "sha512-8ScTdNJl5idAKjH8zGAsN7RuWcyHG3BAvMNpKOBaqqR7EbUhhVHOqXRdL7oZvz8WNHL2pr5+eIT5c65kA6NHug==",
            "cpu": [
                "x64"
            ],
            "dev": true,
            "optional": true,
            "os": [
                "freebsd"
            ],
            "engines": {
                "node": ">=12"
            }
        },
        "node_modules/@esbuild/linux-arm": {
            "version": "0.16.17",
            "resolved": "https://registry.npmjs.org/@esbuild/linux-arm/-/linux-arm-0.16.17.tgz",
            "integrity": "sha512-iihzrWbD4gIT7j3caMzKb/RsFFHCwqqbrbH9SqUSRrdXkXaygSZCZg1FybsZz57Ju7N/SHEgPyaR0LZ8Zbe9gQ==",
            "cpu": [
                "arm"
            ],
            "dev": true,
            "optional": true,
            "os": [
                "linux"
            ],
            "engines": {
                "node": ">=12"
            }
        },
        "node_modules/@esbuild/linux-arm64": {
            "version": "0.16.17",
            "resolved": "https://registry.npmjs.org/@esbuild/linux-arm64/-/linux-arm64-0.16.17.tgz",
            "integrity": "sha512-7S8gJnSlqKGVJunnMCrXHU9Q8Q/tQIxk/xL8BqAP64wchPCTzuM6W3Ra8cIa1HIflAvDnNOt2jaL17vaW+1V0g==",
            "cpu": [
                "arm64"
            ],
            "dev": true,
            "optional": true,
            "os": [
                "linux"
            ],
            "engines": {
                "node": ">=12"
            }
        },
        "node_modules/@esbuild/linux-ia32": {
            "version": "0.16.17",
            "resolved": "https://registry.npmjs.org/@esbuild/linux-ia32/-/linux-ia32-0.16.17.tgz",
            "integrity": "sha512-kiX69+wcPAdgl3Lonh1VI7MBr16nktEvOfViszBSxygRQqSpzv7BffMKRPMFwzeJGPxcio0pdD3kYQGpqQ2SSg==",
            "cpu": [
                "ia32"
            ],
            "dev": true,
            "optional": true,
            "os": [
                "linux"
            ],
            "engines": {
                "node": ">=12"
            }
        },
        "node_modules/@esbuild/linux-loong64": {
            "version": "0.16.17",
            "resolved": "https://registry.npmjs.org/@esbuild/linux-loong64/-/linux-loong64-0.16.17.tgz",
            "integrity": "sha512-dTzNnQwembNDhd654cA4QhbS9uDdXC3TKqMJjgOWsC0yNCbpzfWoXdZvp0mY7HU6nzk5E0zpRGGx3qoQg8T2DQ==",
            "cpu": [
                "loong64"
            ],
            "dev": true,
            "optional": true,
            "os": [
                "linux"
            ],
            "engines": {
                "node": ">=12"
            }
        },
        "node_modules/@esbuild/linux-mips64el": {
            "version": "0.16.17",
            "resolved": "https://registry.npmjs.org/@esbuild/linux-mips64el/-/linux-mips64el-0.16.17.tgz",
            "integrity": "sha512-ezbDkp2nDl0PfIUn0CsQ30kxfcLTlcx4Foz2kYv8qdC6ia2oX5Q3E/8m6lq84Dj/6b0FrkgD582fJMIfHhJfSw==",
            "cpu": [
                "mips64el"
            ],
            "dev": true,
            "optional": true,
            "os": [
                "linux"
            ],
            "engines": {
                "node": ">=12"
            }
        },
        "node_modules/@esbuild/linux-ppc64": {
            "version": "0.16.17",
            "resolved": "https://registry.npmjs.org/@esbuild/linux-ppc64/-/linux-ppc64-0.16.17.tgz",
            "integrity": "sha512-dzS678gYD1lJsW73zrFhDApLVdM3cUF2MvAa1D8K8KtcSKdLBPP4zZSLy6LFZ0jYqQdQ29bjAHJDgz0rVbLB3g==",
            "cpu": [
                "ppc64"
            ],
            "dev": true,
            "optional": true,
            "os": [
                "linux"
            ],
            "engines": {
                "node": ">=12"
            }
        },
        "node_modules/@esbuild/linux-riscv64": {
            "version": "0.16.17",
            "resolved": "https://registry.npmjs.org/@esbuild/linux-riscv64/-/linux-riscv64-0.16.17.tgz",
            "integrity": "sha512-ylNlVsxuFjZK8DQtNUwiMskh6nT0vI7kYl/4fZgV1llP5d6+HIeL/vmmm3jpuoo8+NuXjQVZxmKuhDApK0/cKw==",
            "cpu": [
                "riscv64"
            ],
            "dev": true,
            "optional": true,
            "os": [
                "linux"
            ],
            "engines": {
                "node": ">=12"
            }
        },
        "node_modules/@esbuild/linux-s390x": {
            "version": "0.16.17",
            "resolved": "https://registry.npmjs.org/@esbuild/linux-s390x/-/linux-s390x-0.16.17.tgz",
            "integrity": "sha512-gzy7nUTO4UA4oZ2wAMXPNBGTzZFP7mss3aKR2hH+/4UUkCOyqmjXiKpzGrY2TlEUhbbejzXVKKGazYcQTZWA/w==",
            "cpu": [
                "s390x"
            ],
            "dev": true,
            "optional": true,
            "os": [
                "linux"
            ],
            "engines": {
                "node": ">=12"
            }
        },
        "node_modules/@esbuild/linux-x64": {
            "version": "0.16.17",
            "resolved": "https://registry.npmjs.org/@esbuild/linux-x64/-/linux-x64-0.16.17.tgz",
            "integrity": "sha512-mdPjPxfnmoqhgpiEArqi4egmBAMYvaObgn4poorpUaqmvzzbvqbowRllQ+ZgzGVMGKaPkqUmPDOOFQRUFDmeUw==",
            "cpu": [
                "x64"
            ],
            "dev": true,
            "optional": true,
            "os": [
                "linux"
            ],
            "engines": {
                "node": ">=12"
            }
        },
        "node_modules/@esbuild/netbsd-x64": {
            "version": "0.16.17",
            "resolved": "https://registry.npmjs.org/@esbuild/netbsd-x64/-/netbsd-x64-0.16.17.tgz",
            "integrity": "sha512-/PzmzD/zyAeTUsduZa32bn0ORug+Jd1EGGAUJvqfeixoEISYpGnAezN6lnJoskauoai0Jrs+XSyvDhppCPoKOA==",
            "cpu": [
                "x64"
            ],
            "dev": true,
            "optional": true,
            "os": [
                "netbsd"
            ],
            "engines": {
                "node": ">=12"
            }
        },
        "node_modules/@esbuild/openbsd-x64": {
            "version": "0.16.17",
            "resolved": "https://registry.npmjs.org/@esbuild/openbsd-x64/-/openbsd-x64-0.16.17.tgz",
            "integrity": "sha512-2yaWJhvxGEz2RiftSk0UObqJa/b+rIAjnODJgv2GbGGpRwAfpgzyrg1WLK8rqA24mfZa9GvpjLcBBg8JHkoodg==",
            "cpu": [
                "x64"
            ],
            "dev": true,
            "optional": true,
            "os": [
                "openbsd"
            ],
            "engines": {
                "node": ">=12"
            }
        },
        "node_modules/@esbuild/sunos-x64": {
            "version": "0.16.17",
            "resolved": "https://registry.npmjs.org/@esbuild/sunos-x64/-/sunos-x64-0.16.17.tgz",
            "integrity": "sha512-xtVUiev38tN0R3g8VhRfN7Zl42YCJvyBhRKw1RJjwE1d2emWTVToPLNEQj/5Qxc6lVFATDiy6LjVHYhIPrLxzw==",
            "cpu": [
                "x64"
            ],
            "dev": true,
            "optional": true,
            "os": [
                "sunos"
            ],
            "engines": {
                "node": ">=12"
            }
        },
        "node_modules/@esbuild/win32-arm64": {
            "version": "0.16.17",
            "resolved": "https://registry.npmjs.org/@esbuild/win32-arm64/-/win32-arm64-0.16.17.tgz",
            "integrity": "sha512-ga8+JqBDHY4b6fQAmOgtJJue36scANy4l/rL97W+0wYmijhxKetzZdKOJI7olaBaMhWt8Pac2McJdZLxXWUEQw==",
            "cpu": [
                "arm64"
            ],
            "dev": true,
            "optional": true,
            "os": [
                "win32"
            ],
            "engines": {
                "node": ">=12"
            }
        },
        "node_modules/@esbuild/win32-ia32": {
            "version": "0.16.17",
            "resolved": "https://registry.npmjs.org/@esbuild/win32-ia32/-/win32-ia32-0.16.17.tgz",
            "integrity": "sha512-WnsKaf46uSSF/sZhwnqE4L/F89AYNMiD4YtEcYekBt9Q7nj0DiId2XH2Ng2PHM54qi5oPrQ8luuzGszqi/veig==",
            "cpu": [
                "ia32"
            ],
            "dev": true,
            "optional": true,
            "os": [
                "win32"
            ],
            "engines": {
                "node": ">=12"
            }
        },
        "node_modules/@esbuild/win32-x64": {
            "version": "0.16.17",
            "cpu": [
                "x64"
            ],
            "dev": true,
            "license": "MIT",
            "optional": true,
            "os": [
                "win32"
            ],
            "engines": {
                "node": ">=12"
            }
        },
        "node_modules/axios": {
            "version": "1.3.3",
            "resolved": "https://registry.npmjs.org/axios/-/axios-1.3.3.tgz",
            "integrity": "sha512-eYq77dYIFS77AQlhzEL937yUBSepBfPIe8FcgEDN35vMNZKMrs81pgnyrQpwfy4NF4b4XWX1Zgx7yX+25w8QJA==",
            "dev": true,
            "dependencies": {
                "follow-redirects": "^1.15.0",
                "form-data": "^4.0.0",
                "proxy-from-env": "^1.1.0"
            }
        },
        "node_modules/ckeditor5": {
            "version": "36.0.1",
            "resolved": "https://registry.npmjs.org/ckeditor5/-/ckeditor5-36.0.1.tgz",
            "integrity": "sha512-9zKX7WIRKSDviM0s41VvW8JtDiRtNrhwrzYj4XCjGpZyIXsUKttdJYHIP5iP1MdfZU/hCvpgSUn2fmRPxFbg+Q==",
            "dependencies": {
                "@ckeditor/ckeditor5-clipboard": "^36.0.1",
                "@ckeditor/ckeditor5-core": "^36.0.1",
                "@ckeditor/ckeditor5-engine": "^36.0.1",
                "@ckeditor/ckeditor5-enter": "^36.0.1",
                "@ckeditor/ckeditor5-paragraph": "^36.0.1",
                "@ckeditor/ckeditor5-select-all": "^36.0.1",
                "@ckeditor/ckeditor5-typing": "^36.0.1",
                "@ckeditor/ckeditor5-ui": "^36.0.1",
                "@ckeditor/ckeditor5-undo": "^36.0.1",
                "@ckeditor/ckeditor5-upload": "^36.0.1",
                "@ckeditor/ckeditor5-utils": "^36.0.1",
                "@ckeditor/ckeditor5-widget": "^36.0.1"
            },
            "engines": {
                "node": ">=14.0.0",
                "npm": ">=5.7.1"
            }
        },
        "node_modules/combined-stream": {
            "version": "1.0.8",
            "dev": true,
            "license": "MIT",
            "dependencies": {
                "delayed-stream": "~1.0.0"
            },
            "engines": {
                "node": ">= 0.8"
            }
        },
        "node_modules/delayed-stream": {
            "dev": true
        },
        "node_modules/follow-redirects": {
            "version": "1.15.2",
            "resolved": "https://registry.npmjs.org/follow-redirects/-/follow-redirects-1.15.2.tgz",
            "integrity": "sha512-VQLG33o04KaQ8uYi2tVNbdrWp1QWxNNea+nmIB4EVM28v0hmP17z7aG1+wAkNzVq4KeXTq3221ye5qTJP91JwA==",
            "dev": true,
            "funding": [
                {
                    "type": "individual",
                    "url": "https://github.com/sponsors/RubenVerborgh"
                }
            ],
            "engines": {
                "node": ">=4.0"
            },
            "peerDependenciesMeta": {
                "debug": {
                    "optional": true
                }
            }
        },
        "node_modules/form-data": {
            "version": "4.0.0",
            "resolved": "https://registry.npmjs.org/form-data/-/form-data-4.0.0.tgz",
            "integrity": "sha512-ETEklSGi5t0QMZuiXoA/Q6vcnxcLQP5vdugSpuAyi6SVGi2clPPp+xgEhuMaHC+zGgn31Kd235W35f7Hykkaww==",
            "dev": true,
            "dependencies": {
                "asynckit": "^0.4.0",
                "combined-stream": "^1.0.8",
                "mime-types": "^2.1.12"
            },
            "engines": {
                "node": ">= 6"
            }
        },
        "node_modules/form-data/node_modules/asynckit": {
            "version": "0.4.0",
            "resolved": "https://registry.npmjs.org/asynckit/-/asynckit-0.4.0.tgz",
            "integrity": "sha512-Oei9OH4tRh0YqU3GxhX79dM/mwVgvbZJaSNaRk+bshkj0S5cfHcgYakreBjrHwatXKbz+IoIdYLxrKim2MjW0Q==",
            "dev": true
        },
        "node_modules/form-data/node_modules/mime-db": {
            "version": "1.52.0",
            "resolved": "https://registry.npmjs.org/mime-db/-/mime-db-1.52.0.tgz",
            "integrity": "sha512-sPU4uV7dYlvtWJxwwxHD0PuihVNiE7TyAbQ5SWxDCB9mUYvOgroQOwYQQOKPJ8CIbE+1ETVlOoK1UC2nU3gYvg==",
            "dev": true,
            "engines": {
                "node": ">= 0.6"
            }
        },
        "node_modules/form-data/node_modules/mime-types": {
            "version": "2.1.35",
            "resolved": "https://registry.npmjs.org/mime-types/-/mime-types-2.1.35.tgz",
            "integrity": "sha512-ZDY+bPm5zTTF+YpCrAU9nK0UgICYPT0QtT1NZWFv4s++TNkcgVaT0g6+4R2uI4MjQjzysHB1zxuWL50hzaeXiw==",
            "dev": true,
            "dependencies": {
                "mime-db": "1.52.0"
            },
            "engines": {
                "node": ">= 0.6"
            }
        },
        "node_modules/fsevents": {
            "version": "2.3.2",
            "resolved": "https://registry.npmjs.org/fsevents/-/fsevents-2.3.2.tgz",
            "integrity": "sha512-xiqMQR4xAeHTuB9uWm+fFRcIOgKBMiOBP+eXiyT7jsgVCq1bkVygt00oASowB7EdtpOHaaPgKt812P9ab+DDKA==",
            "dev": true,
            "hasInstallScript": true,
            "optional": true,
            "os": [
                "darwin"
            ],
            "engines": {
                "node": "^8.16.0 || ^10.6.0 || >=11.0.0"
            }
        },
        "node_modules/laravel-vite-plugin": {
            "version": "0.7.4",
            "resolved": "https://registry.npmjs.org/laravel-vite-plugin/-/laravel-vite-plugin-0.7.4.tgz",
            "integrity": "sha512-NlIuXbeuI+4NZzRpWNpGHRVTwuFWessvD7QoD+o2MlyAi7qyUS4J8r4/yTlu1dl9lxcR7iKoYUmHQqZDcrw2KA==",
            "dev": true,
            "dependencies": {
                "picocolors": "^1.0.0",
                "vite-plugin-full-reload": "^1.0.5"
            },
            "engines": {
                "node": ">=14"
            },
            "peerDependencies": {
                "vite": "^3.0.0 || ^4.0.0"
            }
        },
        "node_modules/lodash": {
            "version": "4.17.21",
            "resolved": "https://registry.npmjs.org/lodash/-/lodash-4.17.21.tgz",
            "integrity": "sha512-v2kDEe57lecTulaDIuNTPy3Ry4gLGJ6Z1O3vE1krgXZNrsQ+LFTGHVxVjcXPs17LhbZVGedAJv8XZ1tvj5FvSg==",
            "dev": true
        },
        "node_modules/lodash-es": {
            "version": "4.17.21",
            "resolved": "https://registry.npmjs.org/lodash-es/-/lodash-es-4.17.21.tgz",
            "integrity": "sha512-mKnC+QJ9pWVzv+C4/U3rRsHapFfHvQFoFB92e52xeyGMcX6/OlIl78je1u8vePzYZSkkogMPJ2yjxxsb89cxyw=="
        },
        "node_modules/picocolors": {
            "version": "1.0.0",
            "resolved": "https://registry.npmjs.org/picocolors/-/picocolors-1.0.0.tgz",
            "integrity": "sha512-1fygroTLlHu66zi26VoTDv8yRgm0Fccecssto+MhsZ0D/DGW2sm8E8AjW7NU5VVTRt5GxbeZ5qBuJr+HyLYkjQ==",
            "dev": true
        },
        "node_modules/postcss": {
            "version": "8.4.21",
            "dev": true,
            "funding": [
                {
                    "type": "opencollective",
                    "url": "https://opencollective.com/postcss/"
                },
                {
                    "type": "tidelift",
                    "url": "https://tidelift.com/funding/github/npm/postcss"
                }
            ],
            "license": "MIT",
            "dependencies": {
                "nanoid": "^3.3.4",
                "picocolors": "^1.0.0",
                "source-map-js": "^1.0.2"
            },
            "engines": {
                "node": "^10 || ^12 || >=14"
            }
        },
        "node_modules/postcss/node_modules/nanoid": {
            "version": "3.3.4",
            "resolved": "https://registry.npmjs.org/nanoid/-/nanoid-3.3.4.tgz",
            "integrity": "sha512-MqBkQh/OHTS2egovRtLk45wEyNXwF+cokD+1YPf9u5VfJiRdAiRwB2froX5Co9Rh20xs4siNPm8naNotSD6RBw==",
            "dev": true,
            "bin": {
                "nanoid": "bin/nanoid.cjs"
            },
            "engines": {
                "node": "^10 || ^12 || ^13.7 || ^14 || >=15.0.1"
            }
        },
        "node_modules/postcss/node_modules/source-map-js": {
            "version": "1.0.2",
            "resolved": "https://registry.npmjs.org/source-map-js/-/source-map-js-1.0.2.tgz",
            "integrity": "sha512-R0XvVJ9WusLiqTCEiGCmICCMplcCkIwwR11mOSD9CR5u+IXYdiseeEuXCVAjS54zqwkLcPNnmU4OeJ6tUrWhDw==",
            "dev": true,
            "engines": {
                "node": ">=0.10.0"
            }
        },
        "node_modules/proxy-from-env": {
            "version": "1.1.0",
            "resolved": "https://registry.npmjs.org/proxy-from-env/-/proxy-from-env-1.1.0.tgz",
            "integrity": "sha512-D+zkORCbA9f1tdWRK0RaCR3GPv50cMxcrz4X8k5LTSUD1Dkw47mKJEZQNunItRTkWwgtaUSo1RVFRIG9ZXiFYg==",
            "dev": true
        },
        "node_modules/vite": {
            "version": "4.1.2",
            "resolved": "https://registry.npmjs.org/vite/-/vite-4.1.2.tgz",
            "integrity": "sha512-MWDb9Rfy3DI8omDQySbMK93nQqStwbsQWejXRY2EBzEWKmLAXWb1mkI9Yw2IJrc+oCvPCI1Os5xSSIBYY6DEAw==",
            "dev": true,
            "dependencies": {
                "esbuild": "^0.16.14",
                "postcss": "^8.4.21",
                "resolve": "^1.22.1",
                "rollup": "^3.10.0"
            },
            "bin": {
                "vite": "bin/vite.js"
            },
            "engines": {
                "node": "^14.18.0 || >=16.0.0"
            },
            "optionalDependencies": {
                "fsevents": "~2.3.2"
            },
            "peerDependencies": {
                "@types/node": ">= 14",
                "less": "*",
                "sass": "*",
                "stylus": "*",
                "sugarss": "*",
                "terser": "^5.4.0"
            },
            "peerDependenciesMeta": {
                "@types/node": {
                    "optional": true
                },
                "less": {
                    "optional": true
                },
                "sass": {
                    "optional": true
                },
                "stylus": {
                    "optional": true
                },
                "sugarss": {
                    "optional": true
                },
                "terser": {
                    "optional": true
                }
            }
        },
        "node_modules/vite-plugin-full-reload": {
            "version": "1.0.5",
            "resolved": "https://registry.npmjs.org/vite-plugin-full-reload/-/vite-plugin-full-reload-1.0.5.tgz",
            "integrity": "sha512-kVZFDFWr0DxiHn6MuDVTQf7gnWIdETGlZh0hvTiMXzRN80vgF4PKbONSq8U1d0WtHsKaFODTQgJeakLacoPZEQ==",
            "dev": true,
            "dependencies": {
                "picocolors": "^1.0.0",
                "picomatch": "^2.3.1"
            },
            "peerDependencies": {
                "vite": "^2 || ^3 || ^4"
            }
        },
        "node_modules/vite-plugin-full-reload/node_modules/picomatch": {
            "version": "2.3.1",
            "resolved": "https://registry.npmjs.org/picomatch/-/picomatch-2.3.1.tgz",
            "integrity": "sha512-JU3teHTNjmE2VCGFzuY8EXzCDVwEqB2a8fsIvwaStHhAWJEeVd1o1QD80CU6+ZdEXXSLbSsuLwJjkCBWqRQUVA==",
            "dev": true,
            "engines": {
                "node": ">=8.6"
            },
            "funding": {
                "url": "https://github.com/sponsors/jonschlinkert"
            }
        },
        "node_modules/vite/node_modules/esbuild": {
            "version": "0.16.17",
            "resolved": "https://registry.npmjs.org/esbuild/-/esbuild-0.16.17.tgz",
            "integrity": "sha512-G8LEkV0XzDMNwXKgM0Jwu3nY3lSTwSGY6XbxM9cr9+s0T/qSV1q1JVPBGzm3dcjhCic9+emZDmMffkwgPeOeLg==",
            "dev": true,
            "hasInstallScript": true,
            "bin": {
                "esbuild": "bin/esbuild"
            },
            "engines": {
                "node": ">=12"
            },
            "optionalDependencies": {
                "@esbuild/android-arm": "0.16.17",
                "@esbuild/android-arm64": "0.16.17",
                "@esbuild/android-x64": "0.16.17",
                "@esbuild/darwin-arm64": "0.16.17",
                "@esbuild/darwin-x64": "0.16.17",
                "@esbuild/freebsd-arm64": "0.16.17",
                "@esbuild/freebsd-x64": "0.16.17",
                "@esbuild/linux-arm": "0.16.17",
                "@esbuild/linux-arm64": "0.16.17",
                "@esbuild/linux-ia32": "0.16.17",
                "@esbuild/linux-loong64": "0.16.17",
                "@esbuild/linux-mips64el": "0.16.17",
                "@esbuild/linux-ppc64": "0.16.17",
                "@esbuild/linux-riscv64": "0.16.17",
                "@esbuild/linux-s390x": "0.16.17",
                "@esbuild/linux-x64": "0.16.17",
                "@esbuild/netbsd-x64": "0.16.17",
                "@esbuild/openbsd-x64": "0.16.17",
                "@esbuild/sunos-x64": "0.16.17",
                "@esbuild/win32-arm64": "0.16.17",
                "@esbuild/win32-ia32": "0.16.17",
                "@esbuild/win32-x64": "0.16.17"
            }
        },
        "node_modules/vite/node_modules/function-bind": {
            "version": "1.1.1",
            "resolved": "https://registry.npmjs.org/function-bind/-/function-bind-1.1.1.tgz",
            "integrity": "sha512-yIovAzMX49sF8Yl58fSCWJ5svSLuaibPxXQJFLmBObTuCr0Mf1KiPopGM9NiFjiYBCbfaa2Fh6breQ6ANVTI0A==",
            "dev": true
        },
        "node_modules/vite/node_modules/has": {
            "version": "1.0.3",
            "resolved": "https://registry.npmjs.org/has/-/has-1.0.3.tgz",
            "integrity": "sha512-f2dvO0VU6Oej7RkWJGrehjbzMAjFp5/VKPp5tTpWIV4JHHZK1/BxbFRtf/siA2SWTe09caDmVtYYzWEIbBS4zw==",
            "dev": true,
            "dependencies": {
                "function-bind": "^1.1.1"
            },
            "engines": {
                "node": ">= 0.4.0"
            }
        },
        "node_modules/vite/node_modules/is-core-module": {
            "version": "2.11.0",
            "resolved": "https://registry.npmjs.org/is-core-module/-/is-core-module-2.11.0.tgz",
            "integrity": "sha512-RRjxlvLDkD1YJwDbroBHMb+cukurkDWNyHx7D3oNB5x9rb5ogcksMC5wHCadcXoo67gVr/+3GFySh3134zi6rw==",
            "dev": true,
            "dependencies": {
                "has": "^1.0.3"
            },
            "funding": {
                "url": "https://github.com/sponsors/ljharb"
            }
        },
        "node_modules/vite/node_modules/path-parse": {
            "version": "1.0.7",
            "resolved": "https://registry.npmjs.org/path-parse/-/path-parse-1.0.7.tgz",
            "integrity": "sha512-LDJzPVEEEPR+y48z93A0Ed0yXb8pAByGWo/k5YYdYgpY2/2EsOsksJrq7lOHxryrVOn1ejG6oAp8ahvOIQD8sw==",
            "dev": true
        },
        "node_modules/vite/node_modules/resolve": {
            "version": "1.22.1",
            "resolved": "https://registry.npmjs.org/resolve/-/resolve-1.22.1.tgz",
            "integrity": "sha512-nBpuuYuY5jFsli/JIs1oldw6fOQCBioohqWZg/2hiaOybXOft4lonv85uDOKXdf8rhyK159cxU5cDcK/NKk8zw==",
            "dev": true,
            "dependencies": {
                "is-core-module": "^2.9.0",
                "path-parse": "^1.0.7",
                "supports-preserve-symlinks-flag": "^1.0.0"
            },
            "bin": {
                "resolve": "bin/resolve"
            },
            "funding": {
                "url": "https://github.com/sponsors/ljharb"
            }
        },
        "node_modules/vite/node_modules/rollup": {
            "version": "3.17.0",
            "resolved": "https://registry.npmjs.org/rollup/-/rollup-3.17.0.tgz",
            "integrity": "sha512-0zZQ0J4p0ZtTla6l8sheDTUyNfGZQDpU5h0nPHf6xtUXIzKK70LmB2IRR0wLnzaL8a02fjmsJy+XCncbSwOpjg==",
            "dev": true,
            "bin": {
                "rollup": "dist/bin/rollup"
            },
            "engines": {
                "node": ">=14.18.0",
                "npm": ">=8.0.0"
            },
            "optionalDependencies": {
                "fsevents": "~2.3.2"
            }
        },
        "node_modules/vite/node_modules/supports-preserve-symlinks-flag": {
            "version": "1.0.0",
            "resolved": "https://registry.npmjs.org/supports-preserve-symlinks-flag/-/supports-preserve-symlinks-flag-1.0.0.tgz",
            "integrity": "sha512-ot0WnXS9fgdkgIcePe6RHNk1WA8+muPa6cSjeR3V8K27q9BB1rTE3R1p7Hv0z1ZyAc8s6Vvv8DIyWf681MAt0w==",
            "dev": true,
            "engines": {
                "node": ">= 0.4"
            },
            "funding": {
                "url": "https://github.com/sponsors/ljharb"
            }
        }
    }
}
